
Microsoft Visual Studio Solution File, Format Version 12.00
# Visual Studio Version 16
VisualStudioVersion = 16.0.31410.357
MinimumVisualStudioVersion = 10.0.40219.1
Project("{9A19103F-16F7-4668-BE54-9A1E7A4F7556}") = "SimpleDB", "SimpleDB\SimpleDB.csproj", "{9B755549-AD76-4072-B8A5-8B6049A311BC}"
EndProject
Project("{9A19103F-16F7-4668-BE54-9A1E7A4F7556}") = "SimpleDB.Test", "SimpleDB.Test\SimpleDB.Test.csproj", "{BF376C26-3F98-4029-A239-48E438E328E9}"
EndProject
Project("{FAE04EC0-301F-11D3-BF4B-00C04F79EFBC}") = "StartApp", "StartApp\StartApp.csproj", "{5517C257-0A6A-4D02-81EC-359C928C0ADA}"
EndProject
Global
	GlobalSection(SolutionConfigurationPlatforms) = preSolution
		Debug|Any CPU = Debug|Any CPU
		Release|Any CPU = Release|Any CPU
	EndGlobalSection
	GlobalSection(ProjectConfigurationPlatforms) = postSolution
		{9B755549-AD76-4072-B8A5-8B6049A311BC}.Debug|Any CPU.ActiveCfg = Debug|Any CPU
		{9B755549-AD76-4072-B8A5-8B6049A311BC}.Debug|Any CPU.Build.0 = Debug|Any CPU
		{9B755549-AD76-4072-B8A5-8B6049A311BC}.Release|Any CPU.ActiveCfg = Release|Any CPU
		{9B755549-AD76-4072-B8A5-8B6049A311BC}.Release|Any CPU.Build.0 = Release|Any CPU
		{BF376C26-3F98-4029-A239-48E438E328E9}.Debug|Any CPU.ActiveCfg = Debug|Any CPU
		{BF376C26-3F98-4029-A239-48E438E328E9}.Debug|Any CPU.Build.0 = Debug|Any CPU
		{BF376C26-3F98-4029-A239-48E438E328E9}.Release|Any CPU.ActiveCfg = Release|Any CPU
		{BF376C26-3F98-4029-A239-48E438E328E9}.Release|Any CPU.Build.0 = Release|Any CPU
		{5517C257-0A6A-4D02-81EC-359C928C0ADA}.Debug|Any CPU.ActiveCfg = Debug|Any CPU
		{5517C257-0A6A-4D02-81EC-359C928C0ADA}.Debug|Any CPU.Build.0 = Debug|Any CPU
		{5517C257-0A6A-4D02-81EC-359C928C0ADA}.Release|Any CPU.ActiveCfg = Release|Any CPU
		{5517C257-0A6A-4D02-81EC-359C928C0ADA}.Release|Any CPU.Build.0 = Release|Any CPU
	EndGlobalSection
	GlobalSection(SolutionProperties) = preSolution
		HideSolutionNode = FALSE
	EndGlobalSection
	GlobalSection(ExtensibilityGlobals) = postSolution
		SolutionGuid = {73AE759A-1A82-45FF-98E4-C35CA630A443}
	EndGlobalSection
EndGlobal
